<?xml version="1.0" encoding="utf-8"?>
<Project ToolsVersion="4.0" xmlns="http://schemas.microsoft.com/developer/msbuild/2003">
  <ItemGroup>
    <Filter Include="源文件">
      <UniqueIdentifier>{4FC737F1-C7A5-4376-A066-2A32D752A2FF}</UniqueIdentifier>
      <Extensions>cpp;c;cc;cxx;def;odl;idl;hpj;bat;asm;asmx</Extensions>
    </Filter>
    <Filter Include="头文件">
      <UniqueIdentifier>{93995380-89BD-4b04-88EB-625FBE52EBFB}</UniqueIdentifier>
      <Extensions>h;hh;hpp;hxx;hm;inl;inc;xsd</Extensions>
    </Filter>
    <Filter Include="资源文件">
      <UniqueIdentifier>{67DA6AB6-F800-4c08-8B7A-83BB121AAD01}</UniqueIdentifier>
      <Extensions>rc;ico;cur;bmp;dlg;rc2;rct;bin;rgs;gif;jpg;jpeg;jpe;resx;tiff;tif;png;wav;mfcribbon-ms</Extensions>
    </Filter>
    <Filter Include="interface">
      <UniqueIdentifier>{bac4e07a-42ec-4344-954d-11ceaf3cc5cb}</UniqueIdentifier>
    </Filter>
    <Filter Include="RenderItem">
      <UniqueIdentifier>{26d2dffb-0f1f-48d7-a333-3593e3c945db}</UniqueIdentifier>
    </Filter>
    <Filter Include="manager">
      <UniqueIdentifier>{1a66f5dd-b885-41fc-9355-c4f0eb069608}</UniqueIdentifier>
    </Filter>
    <Filter Include="MouseController">
      <UniqueIdentifier>{c168213a-6bd3-417b-8fe7-8c8eb2b54b96}</UniqueIdentifier>
    </Filter>
    <Filter Include="ParameterValue">
      <UniqueIdentifier>{b0129d18-0b2d-4350-8623-e50f6cba622f}</UniqueIdentifier>
    </Filter>
  </ItemGroup>
  <ItemGroup>
    <Text Include="ReadMe.txt" />
  </ItemGroup>
  <ItemGroup>
    <ClInclude Include="stdafx.h">
      <Filter>头文件</Filter>
    </ClInclude>
    <ClInclude Include="KiteDriverContext.h">
      <Filter>头文件</Filter>
    </ClInclude>
    <ClInclude Include="interface\IKiteDriverContext.h">
      <Filter>interface</Filter>
    </ClInclude>
    <ClInclude Include="interface\KiteOpenGLDriverCoreLib.h">
      <Filter>interface</Filter>
    </ClInclude>
    <ClInclude Include="interface\IKiteDriverRenderItem.h">
      <Filter>interface</Filter>
    </ClInclude>
    <ClInclude Include="RenderItem\RenderItem01.h">
      <Filter>RenderItem</Filter>
    </ClInclude>
    <ClInclude Include="resource.h">
      <Filter>头文件</Filter>
    </ClInclude>
    <ClInclude Include="KiteDriverProgramBuilder.h">
      <Filter>头文件</Filter>
    </ClInclude>
    <ClInclude Include="KiteDriverShaderVisitor.h">
      <Filter>头文件</Filter>
    </ClInclude>
    <ClInclude Include="KiteDriverMaterial.h">
      <Filter>头文件</Filter>
    </ClInclude>
    <ClInclude Include="interface\KiteDriverShaderType.h">
      <Filter>interface</Filter>
    </ClInclude>
    <ClInclude Include="KiteDriverEnumOpenGLEnumConverter.h">
      <Filter>头文件</Filter>
    </ClInclude>
    <ClInclude Include="KiteDriverMesh.h">
      <Filter>头文件</Filter>
    </ClInclude>
    <ClInclude Include="interface\kite_driver_typedef.h">
      <Filter>interface</Filter>
    </ClInclude>
    <ClInclude Include="KiteDriverMeshDrawer.h">
      <Filter>头文件</Filter>
    </ClInclude>
    <ClInclude Include="KiteDriverRenderObject.h">
      <Filter>头文件</Filter>
    </ClInclude>
    <ClInclude Include="KiteDriverDummy.h">
      <Filter>头文件</Filter>
    </ClInclude>
    <ClInclude Include="KiteDriverCamera.h">
      <Filter>头文件</Filter>
    </ClInclude>
    <ClInclude Include="KiteDriverScene.h">
      <Filter>头文件</Filter>
    </ClInclude>
    <ClInclude Include="interface\IMouseMessageReceiver.h">
      <Filter>interface</Filter>
    </ClInclude>
    <ClInclude Include="interface\Singleton.h">
      <Filter>interface</Filter>
    </ClInclude>
    <ClInclude Include="manager\KiteDriverInputManager.h">
      <Filter>manager</Filter>
    </ClInclude>
    <ClInclude Include="MouseController\KiteDriverMouseController.h">
      <Filter>MouseController</Filter>
    </ClInclude>
    <ClInclude Include="MouseController\IMouseButtonController.h">
      <Filter>MouseController</Filter>
    </ClInclude>
    <ClInclude Include="MouseController\MouseRightButtonController.h">
      <Filter>MouseController</Filter>
    </ClInclude>
    <ClInclude Include="KiteDriverParaValueType.h">
      <Filter>头文件</Filter>
    </ClInclude>
    <ClInclude Include="ParameterValue\KiteDriverParaValue.h">
      <Filter>ParameterValue</Filter>
    </ClInclude>
    <ClInclude Include="MouseController\MouseMiddleButtonController.h">
      <Filter>MouseController</Filter>
    </ClInclude>
    <ClInclude Include="KiteDriverGeometryGenerator.h">
      <Filter>头文件</Filter>
    </ClInclude>
    <ClInclude Include="manager\KiteDriverWindowManager.h">
      <Filter>manager</Filter>
    </ClInclude>
    <ClInclude Include="KiteDriverTexture2D.h">
      <Filter>头文件</Filter>
    </ClInclude>
    <ClInclude Include="manager\KiteDriverResourceManager.h">
      <Filter>manager</Filter>
    </ClInclude>
    <ClInclude Include="KiteDriverTextureCube.h">
      <Filter>头文件</Filter>
    </ClInclude>
    <ClInclude Include="KiteDriverTexture.h">
      <Filter>头文件</Filter>
    </ClInclude>
    <ClInclude Include="KiteDriverSkyBox.h">
      <Filter>头文件</Filter>
    </ClInclude>
    <ClInclude Include="KiteDriverRenderStateSetter.h">
      <Filter>头文件</Filter>
    </ClInclude>
    <ClInclude Include="KiteDriverRenderTexture.h">
      <Filter>头文件</Filter>
    </ClInclude>
    <ClInclude Include="KiteDriverFrameBuffer.h">
      <Filter>头文件</Filter>
    </ClInclude>
  </ItemGroup>
  <ItemGroup>
    <ClCompile Include="stdafx.cpp">
      <Filter>源文件</Filter>
    </ClCompile>
    <ClCompile Include="KiteOpenGLDriverCore.cpp">
      <Filter>源文件</Filter>
    </ClCompile>
    <ClCompile Include="KiteDriverContext.cpp">
      <Filter>源文件</Filter>
    </ClCompile>
    <ClCompile Include="KiteOpenGLDriverCoreLib.cpp">
      <Filter>源文件</Filter>
    </ClCompile>
    <ClCompile Include="RenderItem\RenderItem01.cpp">
      <Filter>RenderItem</Filter>
    </ClCompile>
    <ClCompile Include="KiteDriverProgramBuilder.cpp">
      <Filter>源文件</Filter>
    </ClCompile>
    <ClCompile Include="KiteDriverShaderVisitor.cpp">
      <Filter>源文件</Filter>
    </ClCompile>
    <ClCompile Include="KiteDriverMaterial.cpp">
      <Filter>源文件</Filter>
    </ClCompile>
    <ClCompile Include="KiteDriverEnumOpenGLEnumConverter.cpp">
      <Filter>源文件</Filter>
    </ClCompile>
    <ClCompile Include="KiteDriverMesh.cpp">
      <Filter>源文件</Filter>
    </ClCompile>
    <ClCompile Include="KiteDriverMeshDrawer.cpp">
      <Filter>源文件</Filter>
    </ClCompile>
    <ClCompile Include="KiteDriverRenderObject.cpp">
      <Filter>源文件</Filter>
    </ClCompile>
    <ClCompile Include="KiteDriverDummy.cpp">
      <Filter>源文件</Filter>
    </ClCompile>
    <ClCompile Include="KiteDriverCamera.cpp">
      <Filter>源文件</Filter>
    </ClCompile>
    <ClCompile Include="KiteDriverScene.cpp">
      <Filter>源文件</Filter>
    </ClCompile>
    <ClCompile Include="manager\KiteDriverInputManager.cpp">
      <Filter>manager</Filter>
    </ClCompile>
    <ClCompile Include="MouseController\KiteDriverMouseController.cpp">
      <Filter>MouseController</Filter>
    </ClCompile>
    <ClCompile Include="MouseController\MouseRightButtonController.cpp">
      <Filter>MouseController</Filter>
    </ClCompile>
    <ClCompile Include="ParameterValue\KiteDriverParaValue.cpp">
      <Filter>ParameterValue</Filter>
    </ClCompile>
    <ClCompile Include="MouseController\MouseMiddleButtonController.cpp">
      <Filter>MouseController</Filter>
    </ClCompile>
    <ClCompile Include="KiteDriverGeometryGenerator.cpp">
      <Filter>源文件</Filter>
    </ClCompile>
    <ClCompile Include="manager\KiteDriverWindowManager.cpp">
      <Filter>manager</Filter>
    </ClCompile>
    <ClCompile Include="KiteDriverTexture2D.cpp">
      <Filter>源文件</Filter>
    </ClCompile>
    <ClCompile Include="manager\KiteDriverResourceManager.cpp">
      <Filter>manager</Filter>
    </ClCompile>
    <ClCompile Include="KiteDriverTextureCube.cpp">
      <Filter>源文件</Filter>
    </ClCompile>
    <ClCompile Include="KiteDriverTexture.cpp">
      <Filter>源文件</Filter>
    </ClCompile>
    <ClCompile Include="KiteDriverSkyBox.cpp">
      <Filter>源文件</Filter>
    </ClCompile>
    <ClCompile Include="KiteDriverRenderStateSetter.cpp">
      <Filter>源文件</Filter>
    </ClCompile>
    <ClCompile Include="KiteDriverRenderTexture.cpp">
      <Filter>源文件</Filter>
    </ClCompile>
    <ClCompile Include="KiteDriverFrameBuffer.cpp">
      <Filter>源文件</Filter>
    </ClCompile>
  </ItemGroup>
  <ItemGroup>
    <ResourceCompile Include="KiteOpenGLDriverCore.rc">
      <Filter>资源文件</Filter>
    </ResourceCompile>
  </ItemGroup>
</Project>